// !$*UTF8*$!
{
	archiveVersion = 1;
	classes = {
	};
	objectVersion = 56;
	objects = {

/* Begin PBXBuildFile section */
		EC9E95B82AAF121800892552 /* AppDelegate.swift in Sources */ = {isa = PBXBuildFile; fileRef = EC9E95B72AAF121800892552 /* AppDelegate.swift */; };
		EC9E95BA2AAF121800892552 /* SceneDelegate.swift in Sources */ = {isa = PBXBuildFile; fileRef = EC9E95B92AAF121800892552 /* SceneDelegate.swift */; };
		EC9E95BC2AAF121800892552 /* ViewController.swift in Sources */ = {isa = PBXBuildFile; fileRef = EC9E95BB2AAF121800892552 /* ViewController.swift */; };
		EC9E95BF2AAF121800892552 /* Main.storyboard in Resources */ = {isa = PBXBuildFile; fileRef = EC9E95BD2AAF121800892552 /* Main.storyboard */; };
		EC9E95C12AAF121A00892552 /* Assets.xcassets in Resources */ = {isa = PBXBuildFile; fileRef = EC9E95C02AAF121A00892552 /* Assets.xcassets */; };
		EC9E95C42AAF121A00892552 /* LaunchScreen.storyboard in Resources */ = {isa = PBXBuildFile; fileRef = EC9E95C22AAF121A00892552 /* LaunchScreen.storyboard */; };
		EC9E95CF2AAF121A00892552 /* FileIslemlerTests.swift in Sources */ = {isa = PBXBuildFile; fileRef = EC9E95CE2AAF121A00892552 /* FileIslemlerTests.swift */; };
		EC9E95D92AAF121A00892552 /* FileIslemlerUITests.swift in Sources */ = {isa = PBXBuildFile; fileRef = EC9E95D82AAF121A00892552 /* FileIslemlerUITests.swift */; };
		EC9E95DB2AAF121A00892552 /* FileIslemlerUITestsLaunchTests.swift in Sources */ = {isa = PBXBuildFile; fileRef = EC9E95DA2AAF121A00892552 /* FileIslemlerUITestsLaunchTests.swift */; };
/* End PBXBuildFile section */

/* Begin PBXContainerItemProxy section */
		EC9E95CB2AAF121A00892552 /* PBXContainerItemProxy */ = {
			isa = PBXContainerItemProxy;
			containerPortal = EC9E95AC2AAF121800892552 /* Project object */;
			proxyType = 1;
			remoteGlobalIDString = EC9E95B32AAF121800892552;
			remoteInfo = FileIslemler;
		};
		EC9E95D52AAF121A00892552 /* PBXContainerItemProxy */ = {
			isa = PBXContainerItemProxy;
			containerPortal = EC9E95AC2AAF121800892552 /* Project object */;
			proxyType = 1;
			remoteGlobalIDString = EC9E95B32AAF121800892552;
			remoteInfo = FileIslemler;
		};
/* End PBXContainerItemProxy section */

/* Begin PBXFileReference section */
		EC9E95B42AAF121800892552 /* FileIslemler.app */ = {isa = PBXFileReference; explicitFileType = wrapper.application; includeInIndex = 0; path = FileIslemler.app; sourceTree = BUILT_PRODUCTS_DIR; };
		EC9E95B72AAF121800892552 /* AppDelegate.swift */ = {isa = PBXFileReference; lastKnownFileType = sourcecode.swift; path = AppDelegate.swift; sourceTree = "<group>"; };
		EC9E95B92AAF121800892552 /* SceneDelegate.swift */ = {isa = PBXFileReference; lastKnownFileType = sourcecode.swift; path = SceneDelegate.swift; sourceTree = "<group>"; };
		EC9E95BB2AAF121800892552 /* ViewController.swift */ = {isa = PBXFileReference; lastKnownFileType = sourcecode.swift; path = ViewController.swift; sourceTree = "<group>"; };
		EC9E95BE2AAF121800892552 /* Base */ = {isa = PBXFileReference; lastKnownFileType = file.storyboard; name = Base; path = Base.lproj/Main.storyboard; sourceTree = "<group>"; };
		EC9E95C02AAF121A00892552 /* Assets.xcassets */ = {isa = PBXFileReference; lastKnownFileType = folder.assetcatalog; path = Assets.xcassets; sourceTree = "<group>"; };
		EC9E95C32AAF121A00892552 /* Base */ = {isa = PBXFileReference; lastKnownFileType = file.storyboard; name = Base; path = Base.lproj/LaunchScreen.storyboard; sourceTree = "<group>"; };
		EC9E95C52AAF121A00892552 /* Info.plist */ = {isa = PBXFileReference; lastKnownFileType = text.plist.xml; path = Info.plist; sourceTree = "<group>"; };
		EC9E95CA2AAF121A00892552 /* FileIslemlerTests.xctest */ = {isa = PBXFileReference; explicitFileType = wrapper.cfbundle; includeInIndex = 0; path = FileIslemlerTests.xctest; sourceTree = BUILT_PRODUCTS_DIR; };
		EC9E95CE2AAF121A00892552 /* FileIslemlerTests.swift */ = {isa = PBXFileReference; lastKnownFileType = sourcecode.swift; path = FileIslemlerTests.swift; sourceTree = "<group>"; };
		EC9E95D42AAF121A00892552 /* FileIslemlerUITests.xctest */ = {isa = PBXFileReference; explicitFileType = wrapper.cfbundle; includeInIndex = 0; path = FileIslemlerUITests.xctest; sourceTree = BUILT_PRODUCTS_DIR; };
		EC9E95D82AAF121A00892552 /* FileIslemlerUITests.swift */ = {isa = PBXFileReference; lastKnownFileType = sourcecode.swift; path = FileIslemlerUITests.swift; sourceTree = "<group>"; };
		EC9E95DA2AAF121A00892552 /* FileIslemlerUITestsLaunchTests.swift */ = {isa = PBXFileReference; lastKnownFileType = sourcecode.swift; path = FileIslemlerUITestsLaunchTests.swift; sourceTree = "<group>"; };
/* End PBXFileReference section */

/* Begin PBXFrameworksBuildPhase section */
		EC9E95B12AAF121800892552 /* Frameworks */ = {
			isa = PBXFrameworksBuildPhase;
			buildActionMask = 2147483647;
			files = (
			);
			runOnlyForDeploymentPostprocessing = 0;
		};
		EC9E95C72AAF121A00892552 /* Frameworks */ = {
			isa = PBXFrameworksBuildPhase;
			buildActionMask = 2147483647;
			files = (
			);
			runOnlyForDeploymentPostprocessing = 0;
		};
		EC9E95D12AAF121A00892552 /* Frameworks */ = {
			isa = PBXFrameworksBuildPhase;
			buildActionMask = 2147483647;
			files = (
			);
			runOnlyForDeploymentPostprocessing = 0;
		};
/* End PBXFrameworksBuildPhase section */

/* Begin PBXGroup section */
		EC9E95AB2AAF121800892552 = {
			isa = PBXGroup;
			children = (
				EC9E95B62AAF121800892552 /* FileIslemler */,
				EC9E95CD2AAF121A00892552 /* FileIslemlerTests */,
				EC9E95D72AAF121A00892552 /* FileIslemlerUITests */,
				EC9E95B52AAF121800892552 /* Products */,
			);
			sourceTree = "<group>";
		};
		EC9E95B52AAF121800892552 /* Products */ = {
			isa = PBXGroup;
			children = (
				EC9E95B42AAF121800892552 /* FileIslemler.app */,
				EC9E95CA2AAF121A00892552 /* FileIslemlerTests.xctest */,
				EC9E95D42AAF121A00892552 /* FileIslemlerUITests.xctest */,
			);
			name = Products;
			sourceTree = "<group>";
		};
		EC9E95B62AAF121800892552 /* FileIslemler */ = {
			isa = PBXGroup;
			children = (
				EC9E95B72AAF121800892552 /* AppDelegate.swift */,
				EC9E95B92AAF121800892552 /* SceneDelegate.swift */,
				EC9E95BB2AAF121800892552 /* ViewController.swift */,
				EC9E95BD2AAF121800892552 /* Main.storyboard */,
				EC9E95C02AAF121A00892552 /* Assets.xcassets */,
				EC9E95C22AAF121A00892552 /* LaunchScreen.storyboard */,
				EC9E95C52AAF121A00892552 /* Info.plist */,
			);
			path = FileIslemler;
			sourceTree = "<group>";
		};
		EC9E95CD2AAF121A00892552 /* FileIslemlerTests */ = {
			isa = PBXGroup;
			children = (
				EC9E95CE2AAF121A00892552 /* FileIslemlerTests.swift */,
			);
			path = FileIslemlerTests;
			sourceTree = "<group>";
		};
		EC9E95D72AAF121A00892552 /* FileIslemlerUITests */ = {
			isa = PBXGroup;
			children = (
				EC9E95D82AAF121A00892552 /* FileIslemlerUITests.swift */,
				EC9E95DA2AAF121A00892552 /* FileIslemlerUITestsLaunchTests.swift */,
			);
			path = FileIslemlerUITests;
			sourceTree = "<group>";
		};
/* End PBXGroup section */

/* Begin PBXNativeTarget section */
		EC9E95B32AAF121800892552 /* FileIslemler */ = {
			isa = PBXNativeTarget;
			buildConfigurationList = EC9E95DE2AAF121A00892552 /* Build configuration list for PBXNativeTarget "FileIslemler" */;
			buildPhases = (
				EC9E95B02AAF121800892552 /* Sources */,
				EC9E95B12AAF121800892552 /* Frameworks */,
				EC9E95B22AAF121800892552 /* Resources */,
			);
			buildRules = (
			);
			dependencies = (
			);
			name = FileIslemler;
			productName = FileIslemler;
			productReference = EC9E95B42AAF121800892552 /* FileIslemler.app */;
			productType = "com.apple.product-type.application";
		};
		EC9E95C92AAF121A00892552 /* FileIslemlerTests */ = {
			isa = PBXNativeTarget;
			buildConfigurationList = EC9E95E12AAF121A00892552 /* Build configuration list for PBXNativeTarget "FileIslemlerTests" */;
			buildPhases = (
				EC9E95C62AAF121A00892552 /* Sources */,
				EC9E95C72AAF121A00892552 /* Frameworks */,
				EC9E95C82AAF121A00892552 /* Resources */,
			);
			buildRules = (
			);
			dependencies = (
				EC9E95CC2AAF121A00892552 /* PBXTargetDependency */,
			);
			name = FileIslemlerTests;
			productName = FileIslemlerTests;
			productReference = EC9E95CA2AAF121A00892552 /* FileIslemlerTests.xctest */;
			productType = "com.apple.product-type.bundle.unit-test";
		};
		EC9E95D32AAF121A00892552 /* FileIslemlerUITests */ = {
			isa = PBXNativeTarget;
			buildConfigurationList = EC9E95E42AAF121A00892552 /* Build configuration list for PBXNativeTarget "FileIslemlerUITests" */;
			buildPhases = (
				EC9E95D02AAF121A00892552 /* Sources */,
				EC9E95D12AAF121A00892552 /* Frameworks */,
				EC9E95D22AAF121A00892552 /* Resources */,
			);
			buildRules = (
			);
			dependencies = (
				EC9E95D62AAF121A00892552 /* PBXTargetDependency */,
			);
			name = FileIslemlerUITests;
			productName = FileIslemlerUITests;
			productReference = EC9E95D42AAF121A00892552 /* FileIslemlerUITests.xctest */;
			productType = "com.apple.product-type.bundle.ui-testing";
		};
/* End PBXNativeTarget section */

/* Begin PBXProject section */
		EC9E95AC2AAF121800892552 /* Project object */ = {
			isa = PBXProject;
			attributes = {
				BuildIndependentTargetsInParallel = 1;
				LastSwiftUpdateCheck = 1430;
				LastUpgradeCheck = 1430;
				TargetAttributes = {
					EC9E95B32AAF121800892552 = {
						CreatedOnToolsVersion = 14.3.1;
					};
					EC9E95C92AAF121A00892552 = {
						CreatedOnToolsVersion = 14.3.1;
						TestTargetID = EC9E95B32AAF121800892552;
					};
					EC9E95D32AAF121A00892552 = {
						CreatedOnToolsVersion = 14.3.1;
						TestTargetID = EC9E95B32AAF121800892552;
					};
				};
			};
			buildConfigurationList = EC9E95AF2AAF121800892552 /* Build configuration list for PBXProject "FileIslemler" */;
			compatibilityVersion = "Xcode 14.0";
			developmentRegion = en;
			hasScannedForEncodings = 0;
			knownRegions = (
				en,
				Base,
			);
			mainGroup = EC9E95AB2AAF121800892552;
			productRefGroup = EC9E95B52AAF121800892552 /* Products */;
			projectDirPath = "";
			projectRoot = "";
			targets = (
				EC9E95B32AAF121800892552 /* FileIslemler */,
				EC9E95C92AAF121A00892552 /* FileIslemlerTests */,
				EC9E95D32AAF121A00892552 /* FileIslemlerUITests */,
			);
		};
/* End PBXProject section */

/* Begin PBXResourcesBuildPhase section */
		EC9E95B22AAF121800892552 /* Resources */ = {
			isa = PBXResourcesBuildPhase;
			buildActionMask = 2147483647;
			files = (
				EC9E95C42AAF121A00892552 /* LaunchScreen.storyboard in Resources */,
				EC9E95C12AAF121A00892552 /* Assets.xcassets in Resources */,
				EC9E95BF2AAF121800892552 /* Main.storyboard in Resources */,
			);
			runOnlyForDeploymentPostprocessing = 0;
		};
		EC9E95C82AAF121A00892552 /* Resources */ = {
			isa = PBXResourcesBuildPhase;
			buildActionMask = 2147483647;
			files = (
			);
			runOnlyForDeploymentPostprocessing = 0;
		};
		EC9E95D22AAF121A00892552 /* Resources */ = {
			isa = PBXResourcesBuildPhase;
			buildActionMask = 2147483647;
			files = (
			);
			runOnlyForDeploymentPostprocessing = 0;
		};
/* End PBXResourcesBuildPhase section */

/* Begin PBXSourcesBuildPhase section */
		EC9E95B02AAF121800892552 /* Sources */ = {
			isa = PBXSourcesBuildPhase;
			buildActionMask = 2147483647;
			files = (
				EC9E95BC2AAF121800892552 /* ViewController.swift in Sources */,
				EC9E95B82AAF121800892552 /* AppDelegate.swift in Sources */,
				EC9E95BA2AAF121800892552 /* SceneDelegate.swift in Sources */,
			);
			runOnlyForDeploymentPostprocessing = 0;
		};
		EC9E95C62AAF121A00892552 /* Sources */ = {
			isa = PBXSourcesBuildPhase;
			buildActionMask = 2147483647;
			files = (
				EC9E95CF2AAF121A00892552 /* FileIslemlerTests.swift in Sources */,
			);
			runOnlyForDeploymentPostprocessing = 0;
		};
		EC9E95D02AAF121A00892552 /* Sources */ = {
			isa = PBXSourcesBuildPhase;
			buildActionMask = 2147483647;
			files = (
				EC9E95D92AAF121A00892552 /* FileIslemlerUITests.swift in Sources */,
				EC9E95DB2AAF121A00892552 /* FileIslemlerUITestsLaunchTests.swift in Sources */,
			);
			runOnlyForDeploymentPostprocessing = 0;
		};
/* End PBXSourcesBuildPhase section */

/* Begin PBXTargetDependency section */
		EC9E95CC2AAF121A00892552 /* PBXTargetDependency */ = {
			isa = PBXTargetDependency;
			target = EC9E95B32AAF121800892552 /* FileIslemler */;
			targetProxy = EC9E95CB2AAF121A00892552 /* PBXContainerItemProxy */;
		};
		EC9E95D62AAF121A00892552 /* PBXTargetDependency */ = {
			isa = PBXTargetDependency;
			target = EC9E95B32AAF121800892552 /* FileIslemler */;
			targetProxy = EC9E95D52AAF121A00892552 /* PBXContainerItemProxy */;
		};
/* End PBXTargetDependency section */

/* Begin PBXVariantGroup section */
		EC9E95BD2AAF121800892552 /* Main.storyboard */ = {
			isa = PBXVariantGroup;
			children = (
				EC9E95BE2AAF121800892552 /* Base */,
			);
			name = Main.storyboard;
			sourceTree = "<group>";
		};
		EC9E95C22AAF121A00892552 /* LaunchScreen.storyboard */ = {
			isa = PBXVariantGroup;
			children = (
				EC9E95C32AAF121A00892552 /* Base */,
			);
			name = LaunchScreen.storyboard;
			sourceTree = "<group>";
		};
/* End PBXVariantGroup section */

/* Begin XCBuildConfiguration section */
		EC9E95DC2AAF121A00892552 /* Debug */ = {
			isa = XCBuildConfiguration;
			buildSettings = {
				ALWAYS_SEARCH_USER_PATHS = NO;
				CLANG_ANALYZER_NONNULL = YES;
				CLANG_ANALYZER_NUMBER_OBJECT_CONVERSION = YES_AGGRESSIVE;
				CLANG_CXX_LANGUAGE_STANDARD = "gnu++20";
				CLANG_ENABLE_MODULES = YES;
				CLANG_ENABLE_OBJC_ARC = YES;
				CLANG_ENABLE_OBJC_WEAK = YES;
				CLANG_WARN_BLOCK_CAPTURE_AUTORELEASING = YES;
				CLANG_WARN_BOOL_CONVERSION = YES;
				CLANG_WARN_COMMA = YES;
				CLANG_WARN_CONSTANT_CONVERSION = YES;
				CLANG_WARN_DEPRECATED_OBJC_IMPLEMENTATIONS = YES;
				CLANG_WARN_DIRECT_OBJC_ISA_USAGE = YES_ERROR;
				CLANG_WARN_DOCUMENTATION_COMMENTS = YES;
				CLANG_WARN_EMPTY_BODY = YES;
				CLANG_WARN_ENUM_CONVERSION = YES;
				CLANG_WARN_INFINITE_RECURSION = YES;
				CLANG_WARN_INT_CONVERSION = YES;
				CLANG_WARN_NON_LITERAL_NULL_CONVERSION = YES;
				CLANG_WARN_OBJC_IMPLICIT_RETAIN_SELF = YES;
				CLANG_WARN_OBJC_LITERAL_CONVERSION = YES;
				CLANG_WARN_OBJC_ROOT_CLASS = YES_ERROR;
				CLANG_WARN_QUOTED_INCLUDE_IN_FRAMEWORK_HEADER = YES;
				CLANG_WARN_RANGE_LOOP_ANALYSIS = YES;
				CLANG_WARN_STRICT_PROTOTYPES = YES;
				CLANG_WARN_SUSPICIOUS_MOVE = YES;
				CLANG_WARN_UNGUARDED_AVAILABILITY = YES_AGGRESSIVE;
				CLANG_WARN_UNREACHABLE_CODE = YES;
				CLANG_WARN__DUPLICATE_METHOD_MATCH = YES;
				COPY_PHASE_STRIP = NO;
				DEBUG_INFORMATION_FORMAT = dwarf;
				ENABLE_STRICT_OBJC_MSGSEND = YES;
				ENABLE_TESTABILITY = YES;
				GCC_C_LANGUAGE_STANDARD = gnu11;
				GCC_DYNAMIC_NO_PIC = NO;
				GCC_NO_COMMON_BLOCKS = YES;
				GCC_OPTIMIZATION_LEVEL = 0;
				GCC_PREPROCESSOR_DEFINITIONS = (
					"DEBUG=1",
					"$(inherited)",
				);
				GCC_WARN_64_TO_32_BIT_CONVERSION = YES;
				GCC_WARN_ABOUT_RETURN_TYPE = YES_ERROR;
				GCC_WARN_UNDECLARED_SELECTOR = YES;
				GCC_WARN_UNINITIALIZED_AUTOS = YES_AGGRESSIVE;
				GCC_WARN_UNUSED_FUNCTION = YES;
				GCC_WARN_UNUSED_VARIABLE = YES;
				IPHONEOS_DEPLOYMENT_TARGET = 16.4;
				MTL_ENABLE_DEBUG_INFO = INCLUDE_SOURCE;
				MTL_FAST_MATH = YES;
				ONLY_ACTIVE_ARCH = YES;
				SDKROOT = iphoneos;
				SWIFT_ACTIVE_COMPILATION_CONDITIONS = DEBUG;
				SWIFT_OPTIMIZATION_LEVEL = "-Onone";
			};
			name = Debug;
		};
		EC9E95DD2AAF121A00892552 /* Release */ = {
			isa = XCBuildConfiguration;
			buildSettings = {
				ALWAYS_SEARCH_USER_PATHS = NO;
				CLANG_ANALYZER_NONNULL = YES;
				CLANG_ANALYZER_NUMBER_OBJECT_CONVERSION = YES_AGGRESSIVE;
				CLANG_CXX_LANGUAGE_STANDARD = "gnu++20";
				CLANG_ENABLE_MODULES = YES;
				CLANG_ENABLE_OBJC_ARC = YES;
				CLANG_ENABLE_OBJC_WEAK = YES;
				CLANG_WARN_BLOCK_CAPTURE_AUTORELEASING = YES;
				CLANG_WARN_BOOL_CONVERSION = YES;
				CLANG_WARN_COMMA = YES;
				CLANG_WARN_CONSTANT_CONVERSION = YES;
				CLANG_WARN_DEPRECATED_OBJC_IMPLEMENTATIONS = YES;
				CLANG_WARN_DIRECT_OBJC_ISA_USAGE = YES_ERROR;
				CLANG_WARN_DOCUMENTATION_COMMENTS = YES;
				CLANG_WARN_EMPTY_BODY = YES;
				CLANG_WARN_ENUM_CONVERSION = YES;
				CLANG_WARN_INFINITE_RECURSION = YES;
				CLANG_WARN_INT_CONVERSION = YES;
				CLANG_WARN_NON_LITERAL_NULL_CONVERSION = YES;
				CLANG_WARN_OBJC_IMPLICIT_RETAIN_SELF = YES;
				CLANG_WARN_OBJC_LITERAL_CONVERSION = YES;
				CLANG_WARN_OBJC_ROOT_CLASS = YES_ERROR;
				CLANG_WARN_QUOTED_INCLUDE_IN_FRAMEWORK_HEADER = YES;
				CLANG_WARN_RANGE_LOOP_ANALYSIS = YES;
				CLANG_WARN_STRICT_PROTOTYPES = YES;
				CLANG_WARN_SUSPICIOUS_MOVE = YES;
				CLANG_WARN_UNGUARDED_AVAILABILITY = YES_AGGRESSIVE;
				CLANG_WARN_UNREACHABLE_CODE = YES;
				CLANG_WARN__DUPLICATE_METHOD_MATCH = YES;
				COPY_PHASE_STRIP = NO;
				DEBUG_INFORMATION_FORMAT = "dwarf-with-dsym";
				ENABLE_NS_ASSERTIONS = NO;
				ENABLE_STRICT_OBJC_MSGSEND = YES;
				GCC_C_LANGUAGE_STANDARD = gnu11;
				GCC_NO_COMMON_BLOCKS = YES;
				GCC_WARN_64_TO_32_BIT_CONVERSION = YES;
				GCC_WARN_ABOUT_RETURN_TYPE = YES_ERROR;
				GCC_WARN_UNDECLARED_SELECTOR = YES;
				GCC_WARN_UNINITIALIZED_AUTOS = YES_AGGRESSIVE;
				GCC_WARN_UNUSED_FUNCTION = YES;
				GCC_WARN_UNUSED_VARIABLE = YES;
				IPHONEOS_DEPLOYMENT_TARGET = 16.4;
				MTL_ENABLE_DEBUG_INFO = NO;
				MTL_FAST_MATH = YES;
				SDKROOT = iphoneos;
				SWIFT_COMPILATION_MODE = wholemodule;
				SWIFT_OPTIMIZATION_LEVEL = "-O";
				VALIDATE_PRODUCT = YES;
			};
			name = Release;
		};
		EC9E95DF2AAF121A00892552 /* Debug */ = {
			isa = XCBuildConfiguration;
			buildSettings = {
				ASSETCATALOG_COMPILER_APPICON_NAME = AppIcon;
				ASSETCATALOG_COMPILER_GLOBAL_ACCENT_COLOR_NAME = AccentColor;
				CODE_SIGN_STYLE = Automatic;
				CURRENT_PROJECT_VERSION = 1;
				GENERATE_INFOPLIST_FILE = YES;
				INFOPLIST_FILE = FileIslemler/Info.plist;
				INFOPLIST_KEY_UIApplicationSupportsIndirectInputEvents = YES;
				INFOPLIST_KEY_UILaunchStoryboardName = LaunchScreen;
				INFOPLIST_KEY_UIMainStoryboardFile = Main;
				INFOPLIST_KEY_UISupportedInterfaceOrientations_iPad = "UIInterfaceOrientationPortrait UIInterfaceOrientationPortraitUpsideDown UIInterfaceOrientationLandscapeLeft UIInterfaceOrientationLandscapeRight";
				INFOPLIST_KEY_UISupportedInterfaceOrientations_iPhone = "UIInterfaceOrientationPortrait UIInterfaceOrientationLandscapeLeft UIInterfaceOrientationLandscapeRight";
				LD_RUNPATH_SEARCH_PATHS = (
					"$(inherited)",
					"@executable_path/Frameworks",
				);
				MARKETING_VERSION = 1.0;
				PRODUCT_BUNDLE_IDENTIFIER = ilkproje.FileIslemler;
				PRODUCT_NAME = "$(TARGET_NAME)";
				SWIFT_EMIT_LOC_STRINGS = YES;
				SWIFT_VERSION = 5.0;
				TARGETED_DEVICE_FAMILY = "1,2";
			};
			name = Debug;
		};
		EC9E95E02AAF121A00892552 /* Release */ = {
			isa = XCBuildConfiguration;
			buildSettings = {
				ASSETCATALOG_COMPILER_APPICON_NAME = AppIcon;
				ASSETCATALOG_COMPILER_GLOBAL_ACCENT_COLOR_NAME = AccentColor;
				CODE_SIGN_STYLE = Automatic;
				CURRENT_PROJECT_VERSION = 1;
				GENERATE_INFOPLIST_FILE = YES;
				INFOPLIST_FILE = FileIslemler/Info.plist;
				INFOPLIST_KEY_UIApplicationSupportsIndirectInputEvents = YES;
				INFOPLIST_KEY_UILaunchStoryboardName = LaunchScreen;
				INFOPLIST_KEY_UIMainStoryboardFile = Main;
				INFOPLIST_KEY_UISupportedInterfaceOrientations_iPad = "UIInterfaceOrientationPortrait UIInterfaceOrientationPortraitUpsideDown UIInterfaceOrientationLandscapeLeft UIInterfaceOrientationLandscapeRight";
				INFOPLIST_KEY_UISupportedInterfaceOrientations_iPhone = "UIInterfaceOrientationPortrait UIInterfaceOrientationLandscapeLeft UIInterfaceOrientationLandscapeRight";
				LD_RUNPATH_SEARCH_PATHS = (
					"$(inherited)",
					"@executable_path/Frameworks",
				);
				MARKETING_VERSION = 1.0;
				PRODUCT_BUNDLE_IDENTIFIER = ilkproje.FileIslemler;
				PRODUCT_NAME = "$(TARGET_NAME)";
				SWIFT_EMIT_LOC_STRINGS = YES;
				SWIFT_VERSION = 5.0;
				TARGETED_DEVICE_FAMILY = "1,2";
			};
			name = Release;
		};
		EC9E95E22AAF121A00892552 /* Debug */ = {
			isa = XCBuildConfiguration;
			buildSettings = {
				ALWAYS_EMBED_SWIFT_STANDARD_LIBRARIES = YES;
				BUNDLE_LOADER = "$(TEST_HOST)";
				CODE_SIGN_STYLE = Automatic;
				CURRENT_PROJECT_VERSION = 1;
				GENERATE_INFOPLIST_FILE = YES;
				IPHONEOS_DEPLOYMENT_TARGET = 16.4;
				MARKETING_VERSION = 1.0;
				PRODUCT_BUNDLE_IDENTIFIER = ilkproje.FileIslemlerTests;
				PRODUCT_NAME = "$(TARGET_NAME)";
				SWIFT_EMIT_LOC_STRINGS = NO;
				SWIFT_VERSION = 5.0;
				TARGETED_DEVICE_FAMILY = "1,2";
				TEST_HOST = "$(BUILT_PRODUCTS_DIR)/FileIslemler.app/$(BUNDLE_EXECUTABLE_FOLDER_PATH)/FileIslemler";
			};
			name = Debug;
		};
		EC9E95E32AAF121A00892552 /* Release */ = {
			isa = XCBuildConfiguration;
			buildSettings = {
				ALWAYS_EMBED_SWIFT_STANDARD_LIBRARIES = YES;
				BUNDLE_LOADER = "$(TEST_HOST)";
				CODE_SIGN_STYLE = Automatic;
				CURRENT_PROJECT_VERSION = 1;
				GENERATE_INFOPLIST_FILE = YES;
				IPHONEOS_DEPLOYMENT_TARGET = 16.4;
				MARKETING_VERSION = 1.0;
				PRODUCT_BUNDLE_IDENTIFIER = ilkproje.FileIslemlerTests;
				PRODUCT_NAME = "$(TARGET_NAME)";
				SWIFT_EMIT_LOC_STRINGS = NO;
				SWIFT_VERSION = 5.0;
				TARGETED_DEVICE_FAMILY = "1,2";
				TEST_HOST = "$(BUILT_PRODUCTS_DIR)/FileIslemler.app/$(BUNDLE_EXECUTABLE_FOLDER_PATH)/FileIslemler";
			};
			name = Release;
		};
		EC9E95E52AAF121A00892552 /* Debug */ = {
			isa = XCBuildConfiguration;
			buildSettings = {
				ALWAYS_EMBED_SWIFT_STANDARD_LIBRARIES = YES;
				CODE_SIGN_STYLE = Automatic;
				CURRENT_PROJECT_VERSION = 1;
				GENERATE_INFOPLIST_FILE = YES;
				MARKETING_VERSION = 1.0;
				PRODUCT_BUNDLE_IDENTIFIER = ilkproje.FileIslemlerUITests;
				PRODUCT_NAME = "$(TARGET_NAME)";
				SWIFT_EMIT_LOC_STRINGS = NO;
				SWIFT_VERSION = 5.0;
				TARGETED_DEVICE_FAMILY = "1,2";
				TEST_TARGET_NAME = FileIslemler;
			};
			name = Debug;
		};
		EC9E95E62AAF121A00892552 /* Release */ = {
			isa = XCBuildConfiguration;
			buildSettings = {
				ALWAYS_EMBED_SWIFT_STANDARD_LIBRARIES = YES;
				CODE_SIGN_STYLE = Automatic;
				CURRENT_PROJECT_VERSION = 1;
				GENERATE_INFOPLIST_FILE = YES;
				MARKETING_VERSION = 1.0;
				PRODUCT_BUNDLE_IDENTIFIER = ilkproje.FileIslemlerUITests;
				PRODUCT_NAME = "$(TARGET_NAME)";
				SWIFT_EMIT_LOC_STRINGS = NO;
				SWIFT_VERSION = 5.0;
				TARGETED_DEVICE_FAMILY = "1,2";
				TEST_TARGET_NAME = FileIslemler;
			};
			name = Release;
		};
/* End XCBuildConfiguration section */

/* Begin XCConfigurationList section */
		EC9E95AF2AAF121800892552 /* Build configuration list for PBXProject "FileIslemler" */ = {
			isa = XCConfigurationList;
			buildConfigurations = (
				EC9E95DC2AAF121A00892552 /* Debug */,
				EC9E95DD2AAF121A00892552 /* Release */,
			);
			defaultConfigurationIsVisible = 0;
			defaultConfigurationName = Release;
		};
		EC9E95DE2AAF121A00892552 /* Build configuration list for PBXNativeTarget "FileIslemler" */ = {
			isa = XCConfigurationList;
			buildConfigurations = (
				EC9E95DF2AAF121A00892552 /* Debug */,
				EC9E95E02AAF121A00892552 /* Release */,
			);
			defaultConfigurationIsVisible = 0;
			defaultConfigurationName = Release;
		};
		EC9E95E12AAF121A00892552 /* Build configuration list for PBXNativeTarget "FileIslemlerTests" */ = {
			isa = XCConfigurationList;
			buildConfigurations = (
				EC9E95E22AAF121A00892552 /* Debug */,
				EC9E95E32AAF121A00892552 /* Release */,
			);
			defaultConfigurationIsVisible = 0;
			defaultConfigurationName = Release;
		};
		EC9E95E42AAF121A00892552 /* Build configuration list for PBXNativeTarget "FileIslemlerUITests" */ = {
			isa = XCConfigurationList;
			buildConfigurations = (
				EC9E95E52AAF121A00892552 /* Debug */,
				EC9E95E62AAF121A00892552 /* Release */,
			);
			defaultConfigurationIsVisible = 0;
			defaultConfigurationName = Release;
		};
/* End XCConfigurationList section */
	};
	rootObject = EC9E95AC2AAF121800892552 /* Project object */;
}
